// !$*UTF8*$!
{
	archiveVersion = 1;
	classes = {
	};
	objectVersion = 46;
	objects = {

/* Begin PBXAggregateTarget section */
		77F3D52B183E79A8000E9F15 /* Documentation */ = {
			isa = PBXAggregateTarget;
			buildConfigurationList = 77F3D52E183E79A8000E9F15 /* Build configuration list for PBXAggregateTarget "Documentation" */;
			buildPhases = (
				77F3D531183E7A37000E9F15 /* ShellScript */,
			);
			dependencies = (
			);
			name = Documentation;
			productName = Documentation;
		};
/* End PBXAggregateTarget section */

/* Begin PBXBuildFile section */
		2CF22DE4A52D49D9B026EEE8 /* libPods-Streamlyne-Mac-SDK.a in Frameworks */ = {isa = PBXBuildFile; fileRef = 1EDDA0B1D0BC4C718A2D447B /* libPods-Streamlyne-Mac-SDK.a */; };
		7720FC1B18369CA10092D39B /* Foundation.framework in Frameworks */ = {isa = PBXBuildFile; fileRef = 7720FC1A18369CA10092D39B /* Foundation.framework */; };
		7720FC2918369CA20092D39B /* XCTest.framework in Frameworks */ = {isa = PBXBuildFile; fileRef = 7720FC2818369CA20092D39B /* XCTest.framework */; };
		7720FC2A18369CA20092D39B /* Foundation.framework in Frameworks */ = {isa = PBXBuildFile; fileRef = 7720FC1A18369CA10092D39B /* Foundation.framework */; };
		7720FC2C18369CA20092D39B /* UIKit.framework in Frameworks */ = {isa = PBXBuildFile; fileRef = 7720FC2B18369CA20092D39B /* UIKit.framework */; };
		7720FC3518369CA20092D39B /* InfoPlist.strings in Resources */ = {isa = PBXBuildFile; fileRef = 7720FC3318369CA20092D39B /* InfoPlist.strings */; };
		772634511842E35600CEEF8E /* libPods-Streamlyne-iOS-SDK.a in Frameworks */ = {isa = PBXBuildFile; fileRef = 772634501842E35600CEEF8E /* libPods-Streamlyne-iOS-SDK.a */; };
		772634531842E5FD00CEEF8E /* libStreamlyne-iOS-SDK.a in Frameworks */ = {isa = PBXBuildFile; fileRef = 7720FC1718369CA10092D39B /* libStreamlyne-iOS-SDK.a */; };
		77AD7DF61842F6DC0053C02C /* SLAsset.h in Headers */ = {isa = PBXBuildFile; fileRef = 77AD7DE11842F6DC0053C02C /* SLAsset.h */; };
		77AD7DF71842F6DC0053C02C /* SLAsset.m in Sources */ = {isa = PBXBuildFile; fileRef = 77AD7DE21842F6DC0053C02C /* SLAsset.m */; };
		77AD7DF91842F6DC0053C02C /* SLAsset.m in Sources */ = {isa = PBXBuildFile; fileRef = 77AD7DE21842F6DC0053C02C /* SLAsset.m */; };
		77AD7DFA1842F6DC0053C02C /* SLAsset.m in Sources */ = {isa = PBXBuildFile; fileRef = 77AD7DE21842F6DC0053C02C /* SLAsset.m */; };
		77AD7DFB1842F6DC0053C02C /* SLOrganization.h in Headers */ = {isa = PBXBuildFile; fileRef = 77AD7DE31842F6DC0053C02C /* SLOrganization.h */; };
		77AD7DFC1842F6DC0053C02C /* SLOrganization.m in Sources */ = {isa = PBXBuildFile; fileRef = 77AD7DE41842F6DC0053C02C /* SLOrganization.m */; };
		77AD7DFE1842F6DC0053C02C /* SLOrganization.m in Sources */ = {isa = PBXBuildFile; fileRef = 77AD7DE41842F6DC0053C02C /* SLOrganization.m */; };
		77AD7DFF1842F6DC0053C02C /* SLOrganization.m in Sources */ = {isa = PBXBuildFile; fileRef = 77AD7DE41842F6DC0053C02C /* SLOrganization.m */; };
		77AD7E001842F6DC0053C02C /* SLUser.h in Headers */ = {isa = PBXBuildFile; fileRef = 77AD7DE51842F6DC0053C02C /* SLUser.h */; };
		77AD7E011842F6DC0053C02C /* SLUser.m in Sources */ = {isa = PBXBuildFile; fileRef = 77AD7DE61842F6DC0053C02C /* SLUser.m */; };
		77AD7E031842F6DC0053C02C /* SLUser.m in Sources */ = {isa = PBXBuildFile; fileRef = 77AD7DE61842F6DC0053C02C /* SLUser.m */; };
		77AD7E041842F6DC0053C02C /* SLUser.m in Sources */ = {isa = PBXBuildFile; fileRef = 77AD7DE61842F6DC0053C02C /* SLUser.m */; };
		77AD7E051842F6DC0053C02C /* SLWorkOrder.h in Headers */ = {isa = PBXBuildFile; fileRef = 77AD7DE71842F6DC0053C02C /* SLWorkOrder.h */; };
		77AD7E061842F6DC0053C02C /* SLWorkOrder.m in Sources */ = {isa = PBXBuildFile; fileRef = 77AD7DE81842F6DC0053C02C /* SLWorkOrder.m */; };
		77AD7E081842F6DC0053C02C /* SLWorkOrder.m in Sources */ = {isa = PBXBuildFile; fileRef = 77AD7DE81842F6DC0053C02C /* SLWorkOrder.m */; };
		77AD7E091842F6DC0053C02C /* SLWorkOrder.m in Sources */ = {isa = PBXBuildFile; fileRef = 77AD7DE81842F6DC0053C02C /* SLWorkOrder.m */; };
		77AD7E0A1842F6DC0053C02C /* SLAPIManager.h in Headers */ = {isa = PBXBuildFile; fileRef = 77AD7DE91842F6DC0053C02C /* SLAPIManager.h */; };
		77AD7E0B1842F6DC0053C02C /* SLAPIManager.m in Sources */ = {isa = PBXBuildFile; fileRef = 77AD7DEA1842F6DC0053C02C /* SLAPIManager.m */; };
		77AD7E0D1842F6DC0053C02C /* SLAPIManager.m in Sources */ = {isa = PBXBuildFile; fileRef = 77AD7DEA1842F6DC0053C02C /* SLAPIManager.m */; };
		77AD7E0E1842F6DC0053C02C /* SLAPIManager.m in Sources */ = {isa = PBXBuildFile; fileRef = 77AD7DEA1842F6DC0053C02C /* SLAPIManager.m */; };
		77AD7E0F1842F6DC0053C02C /* SLCommon.h in Headers */ = {isa = PBXBuildFile; fileRef = 77AD7DEB1842F6DC0053C02C /* SLCommon.h */; };
		77AD7E101842F6DC0053C02C /* SLNode.h in Headers */ = {isa = PBXBuildFile; fileRef = 77AD7DEC1842F6DC0053C02C /* SLNode.h */; };
		77AD7E111842F6DC0053C02C /* SLNode.m in Sources */ = {isa = PBXBuildFile; fileRef = 77AD7DED1842F6DC0053C02C /* SLNode.m */; };
		77AD7E131842F6DC0053C02C /* SLNode.m in Sources */ = {isa = PBXBuildFile; fileRef = 77AD7DED1842F6DC0053C02C /* SLNode.m */; };
		77AD7E141842F6DC0053C02C /* SLNode.m in Sources */ = {isa = PBXBuildFile; fileRef = 77AD7DED1842F6DC0053C02C /* SLNode.m */; };
		77AD7E151842F6DC0053C02C /* SLNodeProtocol.h in Headers */ = {isa = PBXBuildFile; fileRef = 77AD7DEE1842F6DC0053C02C /* SLNodeProtocol.h */; };
		77AD7E161842F6DC0053C02C /* SLObject.h in Headers */ = {isa = PBXBuildFile; fileRef = 77AD7DEF1842F6DC0053C02C /* SLObject.h */; };
		77AD7E171842F6DC0053C02C /* SLObject.m in Sources */ = {isa = PBXBuildFile; fileRef = 77AD7DF01842F6DC0053C02C /* SLObject.m */; };
		77AD7E191842F6DC0053C02C /* SLObject.m in Sources */ = {isa = PBXBuildFile; fileRef = 77AD7DF01842F6DC0053C02C /* SLObject.m */; };
		77AD7E1A1842F6DC0053C02C /* SLObject.m in Sources */ = {isa = PBXBuildFile; fileRef = 77AD7DF01842F6DC0053C02C /* SLObject.m */; };
		77AD7E1B1842F6DC0053C02C /* SLRelationship.h in Headers */ = {isa = PBXBuildFile; fileRef = 77AD7DF11842F6DC0053C02C /* SLRelationship.h */; };
		77AD7E1C1842F6DC0053C02C /* SLRelationship.m in Sources */ = {isa = PBXBuildFile; fileRef = 77AD7DF21842F6DC0053C02C /* SLRelationship.m */; };
		77AD7E1E1842F6DC0053C02C /* SLRelationship.m in Sources */ = {isa = PBXBuildFile; fileRef = 77AD7DF21842F6DC0053C02C /* SLRelationship.m */; };
		77AD7E1F1842F6DC0053C02C /* SLRelationship.m in Sources */ = {isa = PBXBuildFile; fileRef = 77AD7DF21842F6DC0053C02C /* SLRelationship.m */; };
		77AD7E201842F6DC0053C02C /* SLSDK.h in Headers */ = {isa = PBXBuildFile; fileRef = 77AD7DF31842F6DC0053C02C /* SLSDK.h */; };
		77AD7E211842F6DC0053C02C /* SLValue.h in Headers */ = {isa = PBXBuildFile; fileRef = 77AD7DF41842F6DC0053C02C /* SLValue.h */; };
		77AD7E221842F6DC0053C02C /* SLValue.m in Sources */ = {isa = PBXBuildFile; fileRef = 77AD7DF51842F6DC0053C02C /* SLValue.m */; };
		77AD7E241842F6DC0053C02C /* SLValue.m in Sources */ = {isa = PBXBuildFile; fileRef = 77AD7DF51842F6DC0053C02C /* SLValue.m */; };
		77AD7E251842F6DC0053C02C /* SLValue.m in Sources */ = {isa = PBXBuildFile; fileRef = 77AD7DF51842F6DC0053C02C /* SLValue.m */; };
		77AD7E2818430F1A0053C02C /* SLGroup.h in Headers */ = {isa = PBXBuildFile; fileRef = 77AD7E2618430F1A0053C02C /* SLGroup.h */; };
		77AD7E2918430F1A0053C02C /* SLGroup.m in Sources */ = {isa = PBXBuildFile; fileRef = 77AD7E2718430F1A0053C02C /* SLGroup.m */; };
		77AD7E2B18430F1A0053C02C /* SLGroup.m in Sources */ = {isa = PBXBuildFile; fileRef = 77AD7E2718430F1A0053C02C /* SLGroup.m */; };
		77AD7E2C18430F1A0053C02C /* SLGroup.m in Sources */ = {isa = PBXBuildFile; fileRef = 77AD7E2718430F1A0053C02C /* SLGroup.m */; };
		77B4EA0F184094D400435B97 /* Cocoa.framework in Frameworks */ = {isa = PBXBuildFile; fileRef = 77B4EA0E184094D400435B97 /* Cocoa.framework */; };
		77B4EA19184094D400435B97 /* InfoPlist.strings in Resources */ = {isa = PBXBuildFile; fileRef = 77B4EA17184094D400435B97 /* InfoPlist.strings */; };
		77B4EA1D184094D400435B97 /* Streamlyne_Mac_SDK.m in Sources */ = {isa = PBXBuildFile; fileRef = 77B4EA1C184094D400435B97 /* Streamlyne_Mac_SDK.m */; };
		77B4EA23184094D400435B97 /* XCTest.framework in Frameworks */ = {isa = PBXBuildFile; fileRef = 7720FC2818369CA20092D39B /* XCTest.framework */; };
		77B4EA24184094D400435B97 /* Cocoa.framework in Frameworks */ = {isa = PBXBuildFile; fileRef = 77B4EA0E184094D400435B97 /* Cocoa.framework */; };
		77B4EA27184094D400435B97 /* Streamlyne-Mac-SDK.framework in Frameworks */ = {isa = PBXBuildFile; fileRef = 77B4EA0D184094D400435B97 /* Streamlyne-Mac-SDK.framework */; };
		77B4EA2D184094D400435B97 /* InfoPlist.strings in Resources */ = {isa = PBXBuildFile; fileRef = 77B4EA2B184094D400435B97 /* InfoPlist.strings */; };
		77B4EA371840960B00435B97 /* Guide in Resources */ = {isa = PBXBuildFile; fileRef = 77B4EA361840960B00435B97 /* Guide */; };
		77B4EA4F18409D0A00435B97 /* Streamlyne_iOS_SDKTests.m in Sources */ = {isa = PBXBuildFile; fileRef = 7720FC3618369CA20092D39B /* Streamlyne_iOS_SDKTests.m */; };
		77B4EA5018409D3200435B97 /* Streamlyne_Mac_SDK.m in Sources */ = {isa = PBXBuildFile; fileRef = 77B4EA1C184094D400435B97 /* Streamlyne_Mac_SDK.m */; };
		77ED5DB0183FE91500905A3D /* Streamlyne_iOS_SDKTests.m in Sources */ = {isa = PBXBuildFile; fileRef = 7720FC3618369CA20092D39B /* Streamlyne_iOS_SDKTests.m */; };
/* End PBXBuildFile section */

/* Begin PBXContainerItemProxy section */
		7720FC2D18369CA20092D39B /* PBXContainerItemProxy */ = {
			isa = PBXContainerItemProxy;
			containerPortal = 7720FC0F18369CA10092D39B /* Project object */;
			proxyType = 1;
			remoteGlobalIDString = 7720FC1618369CA10092D39B;
			remoteInfo = "Streamlyne-iOS-SDK";
		};
		77B4EA25184094D400435B97 /* PBXContainerItemProxy */ = {
			isa = PBXContainerItemProxy;
			containerPortal = 7720FC0F18369CA10092D39B /* Project object */;
			proxyType = 1;
			remoteGlobalIDString = 77B4EA0C184094D400435B97;
			remoteInfo = "Streamlyne-Mac-SDK";
		};
/* End PBXContainerItemProxy section */

/* Begin PBXCopyFilesBuildPhase section */
		7720FC1518369CA10092D39B /* Copy Files */ = {
			isa = PBXCopyFilesBuildPhase;
			buildActionMask = 2147483647;
			dstPath = "include/$(PRODUCT_NAME)";
			dstSubfolderSpec = 16;
			files = (
			);
			name = "Copy Files";
			runOnlyForDeploymentPostprocessing = 0;
		};
/* End PBXCopyFilesBuildPhase section */

/* Begin PBXFileReference section */
		18A4AB8E472B41DBB4ABEB40 /* Pods.xcconfig */ = {isa = PBXFileReference; includeInIndex = 1; lastKnownFileType = text.xcconfig; name = Pods.xcconfig; path = Pods/Pods.xcconfig; sourceTree = "<group>"; };
		1EDDA0B1D0BC4C718A2D447B /* libPods-Streamlyne-Mac-SDK.a */ = {isa = PBXFileReference; explicitFileType = archive.ar; includeInIndex = 0; path = "libPods-Streamlyne-Mac-SDK.a"; sourceTree = BUILT_PRODUCTS_DIR; };
		25782151EF674419BBE18C81 /* libPods-Streamlyne-iOS-SDK.a */ = {isa = PBXFileReference; explicitFileType = archive.ar; includeInIndex = 0; path = "libPods-Streamlyne-iOS-SDK.a"; sourceTree = BUILT_PRODUCTS_DIR; };
		43ADE2598F854DF2A91C9E5B /* Pods-Streamlyne-Mac-SDK.xcconfig */ = {isa = PBXFileReference; includeInIndex = 1; lastKnownFileType = text.xcconfig; name = "Pods-Streamlyne-Mac-SDK.xcconfig"; path = "Pods/Pods-Streamlyne-Mac-SDK.xcconfig"; sourceTree = "<group>"; };
		45DAA84BB6D34E9E8B7AE079 /* Pods-Streamlyne-iOS-SDK.xcconfig */ = {isa = PBXFileReference; includeInIndex = 1; lastKnownFileType = text.xcconfig; name = "Pods-Streamlyne-iOS-SDK.xcconfig"; path = "Pods/Pods-Streamlyne-iOS-SDK.xcconfig"; sourceTree = "<group>"; };
		7720FC1718369CA10092D39B /* libStreamlyne-iOS-SDK.a */ = {isa = PBXFileReference; explicitFileType = archive.ar; includeInIndex = 0; path = "libStreamlyne-iOS-SDK.a"; sourceTree = BUILT_PRODUCTS_DIR; };
		7720FC1A18369CA10092D39B /* Foundation.framework */ = {isa = PBXFileReference; lastKnownFileType = wrapper.framework; name = Foundation.framework; path = System/Library/Frameworks/Foundation.framework; sourceTree = SDKROOT; };
		7720FC1E18369CA20092D39B /* Streamlyne-iOS-SDK-Prefix.pch */ = {isa = PBXFileReference; lastKnownFileType = sourcecode.c.h; path = "Streamlyne-iOS-SDK-Prefix.pch"; sourceTree = "<group>"; };
		7720FC2718369CA20092D39B /* Streamlyne-iOS-SDKTests.xctest */ = {isa = PBXFileReference; explicitFileType = wrapper.cfbundle; includeInIndex = 0; path = "Streamlyne-iOS-SDKTests.xctest"; sourceTree = BUILT_PRODUCTS_DIR; };
		7720FC2818369CA20092D39B /* XCTest.framework */ = {isa = PBXFileReference; lastKnownFileType = wrapper.framework; name = XCTest.framework; path = Library/Frameworks/XCTest.framework; sourceTree = DEVELOPER_DIR; };
		7720FC2B18369CA20092D39B /* UIKit.framework */ = {isa = PBXFileReference; lastKnownFileType = wrapper.framework; name = UIKit.framework; path = Library/Frameworks/UIKit.framework; sourceTree = DEVELOPER_DIR; };
		7720FC3218369CA20092D39B /* Streamlyne-iOS-SDKTests-Info.plist */ = {isa = PBXFileReference; lastKnownFileType = text.plist.xml; path = "Streamlyne-iOS-SDKTests-Info.plist"; sourceTree = "<group>"; };
		7720FC3418369CA20092D39B /* en */ = {isa = PBXFileReference; lastKnownFileType = text.plist.strings; name = en; path = en.lproj/InfoPlist.strings; sourceTree = "<group>"; };
		7720FC3618369CA20092D39B /* Streamlyne_iOS_SDKTests.m */ = {isa = PBXFileReference; lastKnownFileType = sourcecode.c.objc; path = Streamlyne_iOS_SDKTests.m; sourceTree = "<group>"; };
		772634501842E35600CEEF8E /* libPods-Streamlyne-iOS-SDK.a */ = {isa = PBXFileReference; lastKnownFileType = archive.ar; name = "libPods-Streamlyne-iOS-SDK.a"; path = "Pods/build/Debug-iphoneos/libPods-Streamlyne-iOS-SDK.a"; sourceTree = "<group>"; };
		7772FEF8183EB6A500FA8B0E /* Readme.markdown */ = {isa = PBXFileReference; fileEncoding = 4; lastKnownFileType = text; path = Readme.markdown; sourceTree = "<group>"; };
		7772FEFA183ECB0A00FA8B0E /* libPods.a */ = {isa = PBXFileReference; lastKnownFileType = archive.ar; name = libPods.a; path = "Pods/build/Debug-iphoneos/libPods.a"; sourceTree = "<group>"; };
		7772FEFC183ECB2C00FA8B0E /* libPods-AFNetworking.a */ = {isa = PBXFileReference; lastKnownFileType = archive.ar; name = "libPods-AFNetworking.a"; path = "Pods/build/Debug-iphoneos/libPods-AFNetworking.a"; sourceTree = "<group>"; };
		77AD7DD11842F2E60053C02C /* libPods-Streamlyne-Mac-SDK.a */ = {isa = PBXFileReference; lastKnownFileType = archive.ar; name = "libPods-Streamlyne-Mac-SDK.a"; path = "../../../../Library/Developer/Xcode/DerivedData/Streamlyne_Cocoa_SDK-fjqjkmnrhloggrcbsegetsdkwdqw/Build/Products/Release/libPods-Streamlyne-Mac-SDK.a"; sourceTree = "<group>"; };
		77AD7DD31842F2FC0053C02C /* libPods-Streamlyne-iOS-SDK.a */ = {isa = PBXFileReference; lastKnownFileType = file; name = "libPods-Streamlyne-iOS-SDK.a"; path = "Pods/build/Debug-iphoneos/libPods-Streamlyne-iOS-SDK.a"; sourceTree = "<group>"; };
		77AD7DE11842F6DC0053C02C /* SLAsset.h */ = {isa = PBXFileReference; fileEncoding = 4; lastKnownFileType = sourcecode.c.h; path = SLAsset.h; sourceTree = "<group>"; };
		77AD7DE21842F6DC0053C02C /* SLAsset.m */ = {isa = PBXFileReference; fileEncoding = 4; lastKnownFileType = sourcecode.c.objc; path = SLAsset.m; sourceTree = "<group>"; };
		77AD7DE31842F6DC0053C02C /* SLOrganization.h */ = {isa = PBXFileReference; fileEncoding = 4; lastKnownFileType = sourcecode.c.h; path = SLOrganization.h; sourceTree = "<group>"; };
		77AD7DE41842F6DC0053C02C /* SLOrganization.m */ = {isa = PBXFileReference; fileEncoding = 4; lastKnownFileType = sourcecode.c.objc; path = SLOrganization.m; sourceTree = "<group>"; };
		77AD7DE51842F6DC0053C02C /* SLUser.h */ = {isa = PBXFileReference; fileEncoding = 4; lastKnownFileType = sourcecode.c.h; path = SLUser.h; sourceTree = "<group>"; };
		77AD7DE61842F6DC0053C02C /* SLUser.m */ = {isa = PBXFileReference; fileEncoding = 4; lastKnownFileType = sourcecode.c.objc; path = SLUser.m; sourceTree = "<group>"; };
		77AD7DE71842F6DC0053C02C /* SLWorkOrder.h */ = {isa = PBXFileReference; fileEncoding = 4; lastKnownFileType = sourcecode.c.h; path = SLWorkOrder.h; sourceTree = "<group>"; };
		77AD7DE81842F6DC0053C02C /* SLWorkOrder.m */ = {isa = PBXFileReference; fileEncoding = 4; lastKnownFileType = sourcecode.c.objc; path = SLWorkOrder.m; sourceTree = "<group>"; };
		77AD7DE91842F6DC0053C02C /* SLAPIManager.h */ = {isa = PBXFileReference; fileEncoding = 4; lastKnownFileType = sourcecode.c.h; path = SLAPIManager.h; sourceTree = "<group>"; };
		77AD7DEA1842F6DC0053C02C /* SLAPIManager.m */ = {isa = PBXFileReference; fileEncoding = 4; lastKnownFileType = sourcecode.c.objc; path = SLAPIManager.m; sourceTree = "<group>"; };
		77AD7DEB1842F6DC0053C02C /* SLCommon.h */ = {isa = PBXFileReference; fileEncoding = 4; lastKnownFileType = sourcecode.c.h; path = SLCommon.h; sourceTree = "<group>"; };
		77AD7DEC1842F6DC0053C02C /* SLNode.h */ = {isa = PBXFileReference; fileEncoding = 4; lastKnownFileType = sourcecode.c.h; path = SLNode.h; sourceTree = "<group>"; };
		77AD7DED1842F6DC0053C02C /* SLNode.m */ = {isa = PBXFileReference; fileEncoding = 4; lastKnownFileType = sourcecode.c.objc; path = SLNode.m; sourceTree = "<group>"; };
		77AD7DEE1842F6DC0053C02C /* SLNodeProtocol.h */ = {isa = PBXFileReference; fileEncoding = 4; lastKnownFileType = sourcecode.c.h; path = SLNodeProtocol.h; sourceTree = "<group>"; };
		77AD7DEF1842F6DC0053C02C /* SLObject.h */ = {isa = PBXFileReference; fileEncoding = 4; lastKnownFileType = sourcecode.c.h; path = SLObject.h; sourceTree = "<group>"; };
		77AD7DF01842F6DC0053C02C /* SLObject.m */ = {isa = PBXFileReference; fileEncoding = 4; lastKnownFileType = sourcecode.c.objc; path = SLObject.m; sourceTree = "<group>"; };
		77AD7DF11842F6DC0053C02C /* SLRelationship.h */ = {isa = PBXFileReference; fileEncoding = 4; lastKnownFileType = sourcecode.c.h; path = SLRelationship.h; sourceTree = "<group>"; };
		77AD7DF21842F6DC0053C02C /* SLRelationship.m */ = {isa = PBXFileReference; fileEncoding = 4; lastKnownFileType = sourcecode.c.objc; path = SLRelationship.m; sourceTree = "<group>"; };
		77AD7DF31842F6DC0053C02C /* SLSDK.h */ = {isa = PBXFileReference; fileEncoding = 4; lastKnownFileType = sourcecode.c.h; path = SLSDK.h; sourceTree = "<group>"; };
		77AD7DF41842F6DC0053C02C /* SLValue.h */ = {isa = PBXFileReference; fileEncoding = 4; lastKnownFileType = sourcecode.c.h; path = SLValue.h; sourceTree = "<group>"; };
		77AD7DF51842F6DC0053C02C /* SLValue.m */ = {isa = PBXFileReference; fileEncoding = 4; lastKnownFileType = sourcecode.c.objc; path = SLValue.m; sourceTree = "<group>"; };
		77AD7E2618430F1A0053C02C /* SLGroup.h */ = {isa = PBXFileReference; fileEncoding = 4; lastKnownFileType = sourcecode.c.h; path = SLGroup.h; sourceTree = "<group>"; };
		77AD7E2718430F1A0053C02C /* SLGroup.m */ = {isa = PBXFileReference; fileEncoding = 4; lastKnownFileType = sourcecode.c.objc; path = SLGroup.m; sourceTree = "<group>"; };
		77B4EA0D184094D400435B97 /* Streamlyne-Mac-SDK.framework */ = {isa = PBXFileReference; explicitFileType = wrapper.framework; includeInIndex = 0; path = "Streamlyne-Mac-SDK.framework"; sourceTree = BUILT_PRODUCTS_DIR; };
		77B4EA0E184094D400435B97 /* Cocoa.framework */ = {isa = PBXFileReference; lastKnownFileType = wrapper.framework; name = Cocoa.framework; path = Library/Frameworks/Cocoa.framework; sourceTree = DEVELOPER_DIR; };
		77B4EA11184094D400435B97 /* Foundation.framework */ = {isa = PBXFileReference; lastKnownFileType = wrapper.framework; name = Foundation.framework; path = Library/Frameworks/Foundation.framework; sourceTree = SDKROOT; };
		77B4EA12184094D400435B97 /* CoreData.framework */ = {isa = PBXFileReference; lastKnownFileType = wrapper.framework; name = CoreData.framework; path = Library/Frameworks/CoreData.framework; sourceTree = SDKROOT; };
		77B4EA13184094D400435B97 /* AppKit.framework */ = {isa = PBXFileReference; lastKnownFileType = wrapper.framework; name = AppKit.framework; path = Library/Frameworks/AppKit.framework; sourceTree = SDKROOT; };
		77B4EA16184094D400435B97 /* Streamlyne-Mac-SDK-Info.plist */ = {isa = PBXFileReference; lastKnownFileType = text.plist.xml; path = "Streamlyne-Mac-SDK-Info.plist"; sourceTree = "<group>"; };
		77B4EA18184094D400435B97 /* en */ = {isa = PBXFileReference; lastKnownFileType = text.plist.strings; name = en; path = en.lproj/InfoPlist.strings; sourceTree = "<group>"; };
		77B4EA1A184094D400435B97 /* Streamlyne-Mac-SDK-Prefix.pch */ = {isa = PBXFileReference; lastKnownFileType = sourcecode.c.h; path = "Streamlyne-Mac-SDK-Prefix.pch"; sourceTree = "<group>"; };
		77B4EA1B184094D400435B97 /* Streamlyne_Mac_SDK.h */ = {isa = PBXFileReference; lastKnownFileType = sourcecode.c.h; path = Streamlyne_Mac_SDK.h; sourceTree = "<group>"; };
		77B4EA1C184094D400435B97 /* Streamlyne_Mac_SDK.m */ = {isa = PBXFileReference; lastKnownFileType = sourcecode.c.objc; path = Streamlyne_Mac_SDK.m; sourceTree = "<group>"; };
		77B4EA22184094D400435B97 /* Streamlyne-Mac-SDKTests.xctest */ = {isa = PBXFileReference; explicitFileType = wrapper.cfbundle; includeInIndex = 0; path = "Streamlyne-Mac-SDKTests.xctest"; sourceTree = BUILT_PRODUCTS_DIR; };
		77B4EA2A184094D400435B97 /* Streamlyne-Mac-SDKTests-Info.plist */ = {isa = PBXFileReference; lastKnownFileType = text.plist.xml; path = "Streamlyne-Mac-SDKTests-Info.plist"; sourceTree = "<group>"; };
		77B4EA2C184094D400435B97 /* en */ = {isa = PBXFileReference; lastKnownFileType = text.plist.strings; name = en; path = en.lproj/InfoPlist.strings; sourceTree = "<group>"; };
		77B4EA2E184094D400435B97 /* Streamlyne_Mac_SDKTests.m */ = {isa = PBXFileReference; lastKnownFileType = sourcecode.c.objc; path = Streamlyne_Mac_SDKTests.m; sourceTree = "<group>"; };
		77B4EA361840960B00435B97 /* Guide */ = {isa = PBXFileReference; lastKnownFileType = folder; path = Guide; sourceTree = "<group>"; };
		7D2A9B6E54234EDCAD80864F /* libPods.a */ = {isa = PBXFileReference; explicitFileType = archive.ar; includeInIndex = 0; path = libPods.a; sourceTree = BUILT_PRODUCTS_DIR; };
/* End PBXFileReference section */

/* Begin PBXFrameworksBuildPhase section */
		7720FC1418369CA10092D39B /* Frameworks */ = {
			isa = PBXFrameworksBuildPhase;
			buildActionMask = 2147483647;
			files = (
				772634511842E35600CEEF8E /* libPods-Streamlyne-iOS-SDK.a in Frameworks */,
				7720FC1B18369CA10092D39B /* Foundation.framework in Frameworks */,
			);
			runOnlyForDeploymentPostprocessing = 0;
		};
		7720FC2418369CA20092D39B /* Frameworks */ = {
			isa = PBXFrameworksBuildPhase;
			buildActionMask = 2147483647;
			files = (
				772634531842E5FD00CEEF8E /* libStreamlyne-iOS-SDK.a in Frameworks */,
				7720FC2918369CA20092D39B /* XCTest.framework in Frameworks */,
				7720FC2C18369CA20092D39B /* UIKit.framework in Frameworks */,
				7720FC2A18369CA20092D39B /* Foundation.framework in Frameworks */,
			);
			runOnlyForDeploymentPostprocessing = 0;
		};
		77B4EA09184094D400435B97 /* Frameworks */ = {
			isa = PBXFrameworksBuildPhase;
			buildActionMask = 2147483647;
			files = (
				77B4EA0F184094D400435B97 /* Cocoa.framework in Frameworks */,
				2CF22DE4A52D49D9B026EEE8 /* libPods-Streamlyne-Mac-SDK.a in Frameworks */,
			);
			runOnlyForDeploymentPostprocessing = 0;
		};
		77B4EA1F184094D400435B97 /* Frameworks */ = {
			isa = PBXFrameworksBuildPhase;
			buildActionMask = 2147483647;
			files = (
				77B4EA27184094D400435B97 /* Streamlyne-Mac-SDK.framework in Frameworks */,
				77B4EA24184094D400435B97 /* Cocoa.framework in Frameworks */,
				77B4EA23184094D400435B97 /* XCTest.framework in Frameworks */,
			);
			runOnlyForDeploymentPostprocessing = 0;
		};
/* End PBXFrameworksBuildPhase section */

/* Begin PBXGroup section */
		7720FC0E18369CA10092D39B = {
			isa = PBXGroup;
			children = (
				77B4EA361840960B00435B97 /* Guide */,
				7772FEF8183EB6A500FA8B0E /* Readme.markdown */,
				77AD7DDF1842F6DC0053C02C /* Common */,
				7720FC1C18369CA20092D39B /* Streamlyne-iOS-SDK */,
				7720FC3018369CA20092D39B /* Streamlyne-iOS-SDKTests */,
				77B4EA14184094D400435B97 /* Streamlyne-Mac-SDK */,
				77B4EA28184094D400435B97 /* Streamlyne-Mac-SDKTests */,
				7720FC1918369CA10092D39B /* Frameworks */,
				7720FC1818369CA10092D39B /* Products */,
				18A4AB8E472B41DBB4ABEB40 /* Pods.xcconfig */,
				43ADE2598F854DF2A91C9E5B /* Pods-Streamlyne-Mac-SDK.xcconfig */,
				45DAA84BB6D34E9E8B7AE079 /* Pods-Streamlyne-iOS-SDK.xcconfig */,
			);
			sourceTree = "<group>";
		};
		7720FC1818369CA10092D39B /* Products */ = {
			isa = PBXGroup;
			children = (
				7720FC1718369CA10092D39B /* libStreamlyne-iOS-SDK.a */,
				7720FC2718369CA20092D39B /* Streamlyne-iOS-SDKTests.xctest */,
				77B4EA0D184094D400435B97 /* Streamlyne-Mac-SDK.framework */,
				77B4EA22184094D400435B97 /* Streamlyne-Mac-SDKTests.xctest */,
			);
			name = Products;
			sourceTree = "<group>";
		};
		7720FC1918369CA10092D39B /* Frameworks */ = {
			isa = PBXGroup;
			children = (
				77AD7DD31842F2FC0053C02C /* libPods-Streamlyne-iOS-SDK.a */,
				77AD7DD11842F2E60053C02C /* libPods-Streamlyne-Mac-SDK.a */,
				772634501842E35600CEEF8E /* libPods-Streamlyne-iOS-SDK.a */,
				7772FEFC183ECB2C00FA8B0E /* libPods-AFNetworking.a */,
				7772FEFA183ECB0A00FA8B0E /* libPods.a */,
				7720FC1A18369CA10092D39B /* Foundation.framework */,
				7720FC2818369CA20092D39B /* XCTest.framework */,
				7720FC2B18369CA20092D39B /* UIKit.framework */,
				7D2A9B6E54234EDCAD80864F /* libPods.a */,
				77B4EA0E184094D400435B97 /* Cocoa.framework */,
				77B4EA10184094D400435B97 /* Other Frameworks */,
				1EDDA0B1D0BC4C718A2D447B /* libPods-Streamlyne-Mac-SDK.a */,
				25782151EF674419BBE18C81 /* libPods-Streamlyne-iOS-SDK.a */,
			);
			name = Frameworks;
			sourceTree = "<group>";
		};
		7720FC1C18369CA20092D39B /* Streamlyne-iOS-SDK */ = {
			isa = PBXGroup;
			children = (
				7720FC1D18369CA20092D39B /* Supporting Files */,
			);
			path = "Streamlyne-iOS-SDK";
			sourceTree = "<group>";
		};
		7720FC1D18369CA20092D39B /* Supporting Files */ = {
			isa = PBXGroup;
			children = (
				7720FC1E18369CA20092D39B /* Streamlyne-iOS-SDK-Prefix.pch */,
			);
			name = "Supporting Files";
			sourceTree = "<group>";
		};
		7720FC3018369CA20092D39B /* Streamlyne-iOS-SDKTests */ = {
			isa = PBXGroup;
			children = (
				7720FC3618369CA20092D39B /* Streamlyne_iOS_SDKTests.m */,
				7720FC3118369CA20092D39B /* Supporting Files */,
			);
			path = "Streamlyne-iOS-SDKTests";
			sourceTree = "<group>";
		};
		7720FC3118369CA20092D39B /* Supporting Files */ = {
			isa = PBXGroup;
			children = (
				7720FC3218369CA20092D39B /* Streamlyne-iOS-SDKTests-Info.plist */,
				7720FC3318369CA20092D39B /* InfoPlist.strings */,
			);
			name = "Supporting Files";
			sourceTree = "<group>";
		};
		77AD7DDF1842F6DC0053C02C /* Common */ = {
			isa = PBXGroup;
			children = (
				77AD7DF31842F6DC0053C02C /* SLSDK.h */,
				77AD7DE01842F6DC0053C02C /* Nodes */,
				77AD7DE91842F6DC0053C02C /* SLAPIManager.h */,
				77AD7DEA1842F6DC0053C02C /* SLAPIManager.m */,
				77AD7DEB1842F6DC0053C02C /* SLCommon.h */,
				77AD7DEC1842F6DC0053C02C /* SLNode.h */,
				77AD7DED1842F6DC0053C02C /* SLNode.m */,
				77AD7DEE1842F6DC0053C02C /* SLNodeProtocol.h */,
				77AD7DEF1842F6DC0053C02C /* SLObject.h */,
				77AD7DF01842F6DC0053C02C /* SLObject.m */,
				77AD7DF11842F6DC0053C02C /* SLRelationship.h */,
				77AD7DF21842F6DC0053C02C /* SLRelationship.m */,
				77AD7DF41842F6DC0053C02C /* SLValue.h */,
				77AD7DF51842F6DC0053C02C /* SLValue.m */,
			);
			path = Common;
			sourceTree = "<group>";
		};
		77AD7DE01842F6DC0053C02C /* Nodes */ = {
			isa = PBXGroup;
			children = (
				77AD7DE11842F6DC0053C02C /* SLAsset.h */,
				77AD7DE21842F6DC0053C02C /* SLAsset.m */,
				77AD7DE31842F6DC0053C02C /* SLOrganization.h */,
				77AD7DE41842F6DC0053C02C /* SLOrganization.m */,
				77AD7DE51842F6DC0053C02C /* SLUser.h */,
				77AD7DE61842F6DC0053C02C /* SLUser.m */,
				77AD7DE71842F6DC0053C02C /* SLWorkOrder.h */,
				77AD7DE81842F6DC0053C02C /* SLWorkOrder.m */,
				77AD7E2618430F1A0053C02C /* SLGroup.h */,
				77AD7E2718430F1A0053C02C /* SLGroup.m */,
			);
			path = Nodes;
			sourceTree = "<group>";
		};
		77B4EA10184094D400435B97 /* Other Frameworks */ = {
			isa = PBXGroup;
			children = (
				77B4EA11184094D400435B97 /* Foundation.framework */,
				77B4EA12184094D400435B97 /* CoreData.framework */,
				77B4EA13184094D400435B97 /* AppKit.framework */,
			);
			name = "Other Frameworks";
			sourceTree = "<group>";
		};
		77B4EA14184094D400435B97 /* Streamlyne-Mac-SDK */ = {
			isa = PBXGroup;
			children = (
				77B4EA1B184094D400435B97 /* Streamlyne_Mac_SDK.h */,
				77B4EA1C184094D400435B97 /* Streamlyne_Mac_SDK.m */,
				77B4EA15184094D400435B97 /* Supporting Files */,
			);
			path = "Streamlyne-Mac-SDK";
			sourceTree = "<group>";
		};
		77B4EA15184094D400435B97 /* Supporting Files */ = {
			isa = PBXGroup;
			children = (
				77B4EA16184094D400435B97 /* Streamlyne-Mac-SDK-Info.plist */,
				77B4EA17184094D400435B97 /* InfoPlist.strings */,
				77B4EA1A184094D400435B97 /* Streamlyne-Mac-SDK-Prefix.pch */,
			);
			name = "Supporting Files";
			sourceTree = "<group>";
		};
		77B4EA28184094D400435B97 /* Streamlyne-Mac-SDKTests */ = {
			isa = PBXGroup;
			children = (
				77B4EA2E184094D400435B97 /* Streamlyne_Mac_SDKTests.m */,
				77B4EA29184094D400435B97 /* Supporting Files */,
			);
			path = "Streamlyne-Mac-SDKTests";
			sourceTree = "<group>";
		};
		77B4EA29184094D400435B97 /* Supporting Files */ = {
			isa = PBXGroup;
			children = (
				77B4EA2A184094D400435B97 /* Streamlyne-Mac-SDKTests-Info.plist */,
				77B4EA2B184094D400435B97 /* InfoPlist.strings */,
			);
			name = "Supporting Files";
			sourceTree = "<group>";
		};
/* End PBXGroup section */

/* Begin PBXHeadersBuildPhase section */
		77B4EA0A184094D400435B97 /* Headers */ = {
			isa = PBXHeadersBuildPhase;
			buildActionMask = 2147483647;
			files = (
				77AD7E161842F6DC0053C02C /* SLObject.h in Headers */,
				77AD7E2818430F1A0053C02C /* SLGroup.h in Headers */,
				77AD7E001842F6DC0053C02C /* SLUser.h in Headers */,
				77AD7E051842F6DC0053C02C /* SLWorkOrder.h in Headers */,
				77AD7E211842F6DC0053C02C /* SLValue.h in Headers */,
				77AD7E201842F6DC0053C02C /* SLSDK.h in Headers */,
				77AD7E0F1842F6DC0053C02C /* SLCommon.h in Headers */,
				77AD7DFB1842F6DC0053C02C /* SLOrganization.h in Headers */,
				77AD7DF61842F6DC0053C02C /* SLAsset.h in Headers */,
				77AD7E151842F6DC0053C02C /* SLNodeProtocol.h in Headers */,
				77AD7E0A1842F6DC0053C02C /* SLAPIManager.h in Headers */,
				77AD7E101842F6DC0053C02C /* SLNode.h in Headers */,
				77AD7E1B1842F6DC0053C02C /* SLRelationship.h in Headers */,
			);
			runOnlyForDeploymentPostprocessing = 0;
		};
/* End PBXHeadersBuildPhase section */

/* Begin PBXNativeTarget section */
		7720FC1618369CA10092D39B /* Streamlyne-iOS-SDK */ = {
			isa = PBXNativeTarget;
			buildConfigurationList = 7720FC3A18369CA20092D39B /* Build configuration list for PBXNativeTarget "Streamlyne-iOS-SDK" */;
			buildPhases = (
				755944FE925142BA87313066 /* Check Pods Manifest.lock */,
				7720FC1318369CA10092D39B /* Sources */,
				7720FC1418369CA10092D39B /* Frameworks */,
				7720FC1518369CA10092D39B /* Copy Files */,
				683FDCD756554860AE4117D7 /* Copy Pods Resources */,
			);
			buildRules = (
			);
			dependencies = (
			);
			name = "Streamlyne-iOS-SDK";
			productName = "Streamlyne-iOS-SDK";
			productReference = 7720FC1718369CA10092D39B /* libStreamlyne-iOS-SDK.a */;
			productType = "com.apple.product-type.library.static";
		};
		7720FC2618369CA20092D39B /* Streamlyne-iOS-SDKTests */ = {
			isa = PBXNativeTarget;
			buildConfigurationList = 7720FC3D18369CA20092D39B /* Build configuration list for PBXNativeTarget "Streamlyne-iOS-SDKTests" */;
			buildPhases = (
				7720FC2318369CA20092D39B /* Sources */,
				7720FC2418369CA20092D39B /* Frameworks */,
				7720FC2518369CA20092D39B /* Resources */,
			);
			buildRules = (
			);
			dependencies = (
				7720FC2E18369CA20092D39B /* PBXTargetDependency */,
			);
			name = "Streamlyne-iOS-SDKTests";
			productName = "Streamlyne-iOS-SDKTests";
			productReference = 7720FC2718369CA20092D39B /* Streamlyne-iOS-SDKTests.xctest */;
			productType = "com.apple.product-type.bundle.unit-test";
		};
		77B4EA0C184094D400435B97 /* Streamlyne-Mac-SDK */ = {
			isa = PBXNativeTarget;
			buildConfigurationList = 77B4EA30184094D400435B97 /* Build configuration list for PBXNativeTarget "Streamlyne-Mac-SDK" */;
			buildPhases = (
				056F9EFECF344B11AE22854F /* Check Pods Manifest.lock */,
				77B4EA08184094D400435B97 /* Sources */,
				77B4EA09184094D400435B97 /* Frameworks */,
				77B4EA0A184094D400435B97 /* Headers */,
				77B4EA0B184094D400435B97 /* Resources */,
				44A148DA1235492BA004C5D2 /* Copy Pods Resources */,
			);
			buildRules = (
			);
			dependencies = (
			);
			name = "Streamlyne-Mac-SDK";
			productName = "Streamlyne-Mac-SDK";
			productReference = 77B4EA0D184094D400435B97 /* Streamlyne-Mac-SDK.framework */;
			productType = "com.apple.product-type.framework";
		};
		77B4EA21184094D400435B97 /* Streamlyne-Mac-SDKTests */ = {
			isa = PBXNativeTarget;
			buildConfigurationList = 77B4EA33184094D400435B97 /* Build configuration list for PBXNativeTarget "Streamlyne-Mac-SDKTests" */;
			buildPhases = (
				77B4EA1E184094D400435B97 /* Sources */,
				77B4EA1F184094D400435B97 /* Frameworks */,
				77B4EA20184094D400435B97 /* Resources */,
			);
			buildRules = (
			);
			dependencies = (
				77B4EA26184094D400435B97 /* PBXTargetDependency */,
			);
			name = "Streamlyne-Mac-SDKTests";
			productName = "Streamlyne-Mac-SDKTests";
			productReference = 77B4EA22184094D400435B97 /* Streamlyne-Mac-SDKTests.xctest */;
			productType = "com.apple.product-type.bundle.unit-test";
		};
/* End PBXNativeTarget section */

/* Begin PBXProject section */
		7720FC0F18369CA10092D39B /* Project object */ = {
			isa = PBXProject;
			attributes = {
				LastUpgradeCheck = 0500;
				ORGANIZATIONNAME = Streamlyne;
				TargetAttributes = {
					7720FC2618369CA20092D39B = {
						TestTargetID = 77B4EA0C184094D400435B97;
					};
					77B4EA21184094D400435B97 = {
						TestTargetID = 77B4EA0C184094D400435B97;
					};
				};
			};
			buildConfigurationList = 7720FC1218369CA10092D39B /* Build configuration list for PBXProject "Streamlyne Cocoa SDK" */;
			compatibilityVersion = "Xcode 3.2";
			developmentRegion = English;
			hasScannedForEncodings = 0;
			knownRegions = (
				en,
			);
			mainGroup = 7720FC0E18369CA10092D39B;
			productRefGroup = 7720FC1818369CA10092D39B /* Products */;
			projectDirPath = "";
			projectRoot = "";
			targets = (
				7720FC1618369CA10092D39B /* Streamlyne-iOS-SDK */,
				7720FC2618369CA20092D39B /* Streamlyne-iOS-SDKTests */,
				77F3D52B183E79A8000E9F15 /* Documentation */,
				77B4EA0C184094D400435B97 /* Streamlyne-Mac-SDK */,
				77B4EA21184094D400435B97 /* Streamlyne-Mac-SDKTests */,
			);
		};
/* End PBXProject section */

/* Begin PBXResourcesBuildPhase section */
		7720FC2518369CA20092D39B /* Resources */ = {
			isa = PBXResourcesBuildPhase;
			buildActionMask = 2147483647;
			files = (
				7720FC3518369CA20092D39B /* InfoPlist.strings in Resources */,
			);
			runOnlyForDeploymentPostprocessing = 0;
		};
		77B4EA0B184094D400435B97 /* Resources */ = {
			isa = PBXResourcesBuildPhase;
			buildActionMask = 2147483647;
			files = (
				77B4EA19184094D400435B97 /* InfoPlist.strings in Resources */,
				77B4EA371840960B00435B97 /* Guide in Resources */,
			);
			runOnlyForDeploymentPostprocessing = 0;
		};
		77B4EA20184094D400435B97 /* Resources */ = {
			isa = PBXResourcesBuildPhase;
			buildActionMask = 2147483647;
			files = (
				77B4EA2D184094D400435B97 /* InfoPlist.strings in Resources */,
			);
			runOnlyForDeploymentPostprocessing = 0;
		};
/* End PBXResourcesBuildPhase section */

/* Begin PBXShellScriptBuildPhase section */
		056F9EFECF344B11AE22854F /* Check Pods Manifest.lock */ = {
			isa = PBXShellScriptBuildPhase;
			buildActionMask = 2147483647;
			files = (
			);
			inputPaths = (
			);
			name = "Check Pods Manifest.lock";
			outputPaths = (
			);
			runOnlyForDeploymentPostprocessing = 0;
			shellPath = /bin/sh;
			shellScript = "diff \"${PODS_ROOT}/../Podfile.lock\" \"${PODS_ROOT}/Manifest.lock\" > /dev/null\nif [[ $? != 0 ]] ; then\n    cat << EOM\nerror: The sandbox is not in sync with the Podfile.lock. Run 'pod install' or update your CocoaPods installation.\nEOM\n    exit 1\nfi\n";
			showEnvVarsInLog = 0;
		};
		44A148DA1235492BA004C5D2 /* Copy Pods Resources */ = {
			isa = PBXShellScriptBuildPhase;
			buildActionMask = 2147483647;
			files = (
			);
			inputPaths = (
			);
			name = "Copy Pods Resources";
			outputPaths = (
			);
			runOnlyForDeploymentPostprocessing = 0;
			shellPath = /bin/sh;
			shellScript = "\"${SRCROOT}/Pods/Pods-Streamlyne-Mac-SDK-resources.sh\"\n";
			showEnvVarsInLog = 0;
		};
		683FDCD756554860AE4117D7 /* Copy Pods Resources */ = {
			isa = PBXShellScriptBuildPhase;
			buildActionMask = 2147483647;
			files = (
			);
			inputPaths = (
			);
			name = "Copy Pods Resources";
			outputPaths = (
			);
			runOnlyForDeploymentPostprocessing = 0;
			shellPath = /bin/sh;
			shellScript = "\"${SRCROOT}/Pods/Pods-Streamlyne-iOS-SDK-resources.sh\"\n";
			showEnvVarsInLog = 0;
		};
		755944FE925142BA87313066 /* Check Pods Manifest.lock */ = {
			isa = PBXShellScriptBuildPhase;
			buildActionMask = 2147483647;
			files = (
			);
			inputPaths = (
			);
			name = "Check Pods Manifest.lock";
			outputPaths = (
			);
			runOnlyForDeploymentPostprocessing = 0;
			shellPath = /bin/sh;
			shellScript = "diff \"${PODS_ROOT}/../Podfile.lock\" \"${PODS_ROOT}/Manifest.lock\" > /dev/null\nif [[ $? != 0 ]] ; then\n    cat << EOM\nerror: The sandbox is not in sync with the Podfile.lock. Run 'pod install' or update your CocoaPods installation.\nEOM\n    exit 1\nfi\n";
			showEnvVarsInLog = 0;
		};
		77F3D531183E7A37000E9F15 /* ShellScript */ = {
			isa = PBXShellScriptBuildPhase;
			buildActionMask = 2147483647;
			files = (
			);
			inputPaths = (
			);
			outputPaths = (
			);
			runOnlyForDeploymentPostprocessing = 0;
			shellPath = /bin/sh;
			shellScript = "#appledoc Xcode script\n# Start constants\ncompany=\"Streamlyne\";\ncompanyID=\"com.Streamlyne\";\ncompanyURL=\"http://streamlyne.co\";\ntarget=\"iphoneos\";\n#target=\"macosx\";\noutputPath=\"${PROJECT_DIR}/docs\";\n# End constants\n/usr/local/bin/appledoc \\\n--project-name \"${PROJECT_NAME}\" \\\n--project-company \"${company}\" \\\n--company-id \"${companyID}\" \\\n--docset-atom-filename \"${company}.atom\" \\\n--docset-feed-url \"${companyURL}/${company}/%DOCSETATOMFILENAME\" \\\n--docset-package-url \"${companyURL}/${company}/%DOCSETPACKAGEFILENAME\" \\\n--docset-fallback-url \"${companyURL}/${company}\" \\\n--output \"${outputPath}\" \\\n--publish-docset \\\n--docset-platform-family \"${target}\" \\\n--logformat xcode \\\n--keep-intermediate-files \\\n--no-repeat-first-par \\\n--no-warn-invalid-crossref \\\n--exit-threshold 2 \\\n--include \"${PROJECT_DIR}/Guide/Images\" \\\n--include \"${PROJECT_DIR}/Guide\" \\\n--ignore \"${PROJECT_DIR}/Pods\" \\\n--index-desc \"${PROJECT_DIR}/Readme.markdown\" \\\n\"${PROJECT_DIR}\"";
		};
/* End PBXShellScriptBuildPhase section */

/* Begin PBXSourcesBuildPhase section */
		7720FC1318369CA10092D39B /* Sources */ = {
			isa = PBXSourcesBuildPhase;
			buildActionMask = 2147483647;
			files = (
				77AD7DF71842F6DC0053C02C /* SLAsset.m in Sources */,
				77AD7E171842F6DC0053C02C /* SLObject.m in Sources */,
				77AD7E011842F6DC0053C02C /* SLUser.m in Sources */,
				77AD7E061842F6DC0053C02C /* SLWorkOrder.m in Sources */,
				77AD7E1C1842F6DC0053C02C /* SLRelationship.m in Sources */,
				77AD7DFC1842F6DC0053C02C /* SLOrganization.m in Sources */,
				77AD7E221842F6DC0053C02C /* SLValue.m in Sources */,
				77AD7E111842F6DC0053C02C /* SLNode.m in Sources */,
				77AD7E2918430F1A0053C02C /* SLGroup.m in Sources */,
				77AD7E0B1842F6DC0053C02C /* SLAPIManager.m in Sources */,
			);
			runOnlyForDeploymentPostprocessing = 0;
		};
		7720FC2318369CA20092D39B /* Sources */ = {
			isa = PBXSourcesBuildPhase;
			buildActionMask = 2147483647;
			files = (
				77ED5DB0183FE91500905A3D /* Streamlyne_iOS_SDKTests.m in Sources */,
			);
			runOnlyForDeploymentPostprocessing = 0;
		};
		77B4EA08184094D400435B97 /* Sources */ = {
			isa = PBXSourcesBuildPhase;
			buildActionMask = 2147483647;
			files = (
				77AD7E081842F6DC0053C02C /* SLWorkOrder.m in Sources */,
				77B4EA1D184094D400435B97 /* Streamlyne_Mac_SDK.m in Sources */,
				77AD7E241842F6DC0053C02C /* SLValue.m in Sources */,
				77AD7E031842F6DC0053C02C /* SLUser.m in Sources */,
				77AD7E191842F6DC0053C02C /* SLObject.m in Sources */,
				77AD7E1E1842F6DC0053C02C /* SLRelationship.m in Sources */,
				77AD7E131842F6DC0053C02C /* SLNode.m in Sources */,
				77AD7E0D1842F6DC0053C02C /* SLAPIManager.m in Sources */,
				77AD7E2B18430F1A0053C02C /* SLGroup.m in Sources */,
				77AD7DF91842F6DC0053C02C /* SLAsset.m in Sources */,
				77AD7DFE1842F6DC0053C02C /* SLOrganization.m in Sources */,
			);
			runOnlyForDeploymentPostprocessing = 0;
		};
		77B4EA1E184094D400435B97 /* Sources */ = {
			isa = PBXSourcesBuildPhase;
			buildActionMask = 2147483647;
			files = (
				77AD7E2C18430F1A0053C02C /* SLGroup.m in Sources */,
				77AD7E141842F6DC0053C02C /* SLNode.m in Sources */,
				77AD7DFA1842F6DC0053C02C /* SLAsset.m in Sources */,
				77B4EA5018409D3200435B97 /* Streamlyne_Mac_SDK.m in Sources */,
				77B4EA4F18409D0A00435B97 /* Streamlyne_iOS_SDKTests.m in Sources */,
				77AD7E1F1842F6DC0053C02C /* SLRelationship.m in Sources */,
				77AD7E1A1842F6DC0053C02C /* SLObject.m in Sources */,
				77AD7E251842F6DC0053C02C /* SLValue.m in Sources */,
				77AD7DFF1842F6DC0053C02C /* SLOrganization.m in Sources */,
				77AD7E091842F6DC0053C02C /* SLWorkOrder.m in Sources */,
				77AD7E041842F6DC0053C02C /* SLUser.m in Sources */,
				77AD7E0E1842F6DC0053C02C /* SLAPIManager.m in Sources */,
			);
			runOnlyForDeploymentPostprocessing = 0;
		};
/* End PBXSourcesBuildPhase section */

/* Begin PBXTargetDependency section */
		7720FC2E18369CA20092D39B /* PBXTargetDependency */ = {
			isa = PBXTargetDependency;
			target = 7720FC1618369CA10092D39B /* Streamlyne-iOS-SDK */;
			targetProxy = 7720FC2D18369CA20092D39B /* PBXContainerItemProxy */;
		};
		77B4EA26184094D400435B97 /* PBXTargetDependency */ = {
			isa = PBXTargetDependency;
			target = 77B4EA0C184094D400435B97 /* Streamlyne-Mac-SDK */;
			targetProxy = 77B4EA25184094D400435B97 /* PBXContainerItemProxy */;
		};
/* End PBXTargetDependency section */

/* Begin PBXVariantGroup section */
		7720FC3318369CA20092D39B /* InfoPlist.strings */ = {
			isa = PBXVariantGroup;
			children = (
				7720FC3418369CA20092D39B /* en */,
			);
			name = InfoPlist.strings;
			sourceTree = "<group>";
		};
		77B4EA17184094D400435B97 /* InfoPlist.strings */ = {
			isa = PBXVariantGroup;
			children = (
				77B4EA18184094D400435B97 /* en */,
			);
			name = InfoPlist.strings;
			sourceTree = "<group>";
		};
		77B4EA2B184094D400435B97 /* InfoPlist.strings */ = {
			isa = PBXVariantGroup;
			children = (
				77B4EA2C184094D400435B97 /* en */,
			);
			name = InfoPlist.strings;
			sourceTree = "<group>";
		};
/* End PBXVariantGroup section */

/* Begin XCBuildConfiguration section */
		7720FC3818369CA20092D39B /* Debug */ = {
			isa = XCBuildConfiguration;
			buildSettings = {
				ALWAYS_SEARCH_USER_PATHS = NO;
				ARCHS = "$(ARCHS_STANDARD_INCLUDING_64_BIT)";
				CLANG_CXX_LANGUAGE_STANDARD = "gnu++0x";
				CLANG_CXX_LIBRARY = "libc++";
				CLANG_ENABLE_MODULES = YES;
				CLANG_ENABLE_OBJC_ARC = YES;
				CLANG_WARN_BOOL_CONVERSION = YES;
				CLANG_WARN_CONSTANT_CONVERSION = YES;
				CLANG_WARN_DIRECT_OBJC_ISA_USAGE = YES_ERROR;
				CLANG_WARN_EMPTY_BODY = YES;
				CLANG_WARN_ENUM_CONVERSION = YES;
				CLANG_WARN_INT_CONVERSION = YES;
				CLANG_WARN_OBJC_ROOT_CLASS = YES_ERROR;
				CLANG_WARN__DUPLICATE_METHOD_MATCH = YES;
				COPY_PHASE_STRIP = NO;
				GCC_C_LANGUAGE_STANDARD = gnu99;
				GCC_DYNAMIC_NO_PIC = NO;
				GCC_OPTIMIZATION_LEVEL = 0;
				GCC_PREPROCESSOR_DEFINITIONS = (
					"DEBUG=1",
					"$(inherited)",
				);
				GCC_SYMBOLS_PRIVATE_EXTERN = NO;
				GCC_WARN_64_TO_32_BIT_CONVERSION = YES;
				GCC_WARN_ABOUT_RETURN_TYPE = YES_ERROR;
				GCC_WARN_UNDECLARED_SELECTOR = YES;
				GCC_WARN_UNINITIALIZED_AUTOS = YES;
				GCC_WARN_UNUSED_FUNCTION = YES;
				GCC_WARN_UNUSED_VARIABLE = YES;
				IPHONEOS_DEPLOYMENT_TARGET = 7.0;
				MACOSX_DEPLOYMENT_TARGET = 10.9;
				ONLY_ACTIVE_ARCH = YES;
				SDKROOT = iphoneos;
			};
			name = Debug;
		};
		7720FC3918369CA20092D39B /* Release */ = {
			isa = XCBuildConfiguration;
			buildSettings = {
				ALWAYS_SEARCH_USER_PATHS = NO;
				ARCHS = "$(ARCHS_STANDARD_INCLUDING_64_BIT)";
				CLANG_CXX_LANGUAGE_STANDARD = "gnu++0x";
				CLANG_CXX_LIBRARY = "libc++";
				CLANG_ENABLE_MODULES = YES;
				CLANG_ENABLE_OBJC_ARC = YES;
				CLANG_WARN_BOOL_CONVERSION = YES;
				CLANG_WARN_CONSTANT_CONVERSION = YES;
				CLANG_WARN_DIRECT_OBJC_ISA_USAGE = YES_ERROR;
				CLANG_WARN_EMPTY_BODY = YES;
				CLANG_WARN_ENUM_CONVERSION = YES;
				CLANG_WARN_INT_CONVERSION = YES;
				CLANG_WARN_OBJC_ROOT_CLASS = YES_ERROR;
				CLANG_WARN__DUPLICATE_METHOD_MATCH = YES;
				COPY_PHASE_STRIP = YES;
				ENABLE_NS_ASSERTIONS = NO;
				GCC_C_LANGUAGE_STANDARD = gnu99;
				GCC_WARN_64_TO_32_BIT_CONVERSION = YES;
				GCC_WARN_ABOUT_RETURN_TYPE = YES_ERROR;
				GCC_WARN_UNDECLARED_SELECTOR = YES;
				GCC_WARN_UNINITIALIZED_AUTOS = YES;
				GCC_WARN_UNUSED_FUNCTION = YES;
				GCC_WARN_UNUSED_VARIABLE = YES;
				IPHONEOS_DEPLOYMENT_TARGET = 7.0;
				MACOSX_DEPLOYMENT_TARGET = 10.9;
				SDKROOT = iphoneos;
				VALIDATE_PRODUCT = YES;
			};
			name = Release;
		};
		7720FC3B18369CA20092D39B /* Debug */ = {
			isa = XCBuildConfiguration;
			baseConfigurationReference = 45DAA84BB6D34E9E8B7AE079 /* Pods-Streamlyne-iOS-SDK.xcconfig */;
			buildSettings = {
				DSTROOT = /tmp/Streamlyne_iOS_SDK.dst;
				GCC_PRECOMPILE_PREFIX_HEADER = YES;
				GCC_PREFIX_HEADER = "Streamlyne-iOS-SDK/Streamlyne-iOS-SDK-Prefix.pch";
				ONLY_ACTIVE_ARCH = YES;
				OTHER_LDFLAGS = "-ObjC";
				PRODUCT_NAME = "Streamlyne-iOS-SDK";
				SKIP_INSTALL = YES;
			};
			name = Debug;
		};
		7720FC3C18369CA20092D39B /* Release */ = {
			isa = XCBuildConfiguration;
			baseConfigurationReference = 45DAA84BB6D34E9E8B7AE079 /* Pods-Streamlyne-iOS-SDK.xcconfig */;
			buildSettings = {
				DSTROOT = /tmp/Streamlyne_iOS_SDK.dst;
				GCC_PRECOMPILE_PREFIX_HEADER = YES;
				GCC_PREFIX_HEADER = "Streamlyne-iOS-SDK/Streamlyne-iOS-SDK-Prefix.pch";
				OTHER_LDFLAGS = "-ObjC";
				PRODUCT_NAME = "Streamlyne-iOS-SDK";
				SKIP_INSTALL = YES;
			};
			name = Release;
		};
		7720FC3E18369CA20092D39B /* Debug */ = {
			isa = XCBuildConfiguration;
			baseConfigurationReference = 45DAA84BB6D34E9E8B7AE079 /* Pods-Streamlyne-iOS-SDK.xcconfig */;
			buildSettings = {
				FRAMEWORK_SEARCH_PATHS = (
					"$(SDKROOT)/Developer/Library/Frameworks",
					"$(inherited)",
					"$(DEVELOPER_FRAMEWORKS_DIR)",
				);
				GCC_PRECOMPILE_PREFIX_HEADER = YES;
				GCC_PREFIX_HEADER = "Streamlyne-iOS-SDK/Streamlyne-iOS-SDK-Prefix.pch";
				GCC_PREPROCESSOR_DEFINITIONS = (
					"DEBUG=1",
					"$(inherited)",
				);
				INFOPLIST_FILE = "Streamlyne-iOS-SDKTests/Streamlyne-iOS-SDKTests-Info.plist";
				LIBRARY_SEARCH_PATHS = (
					"$(inherited)",
					"$(USER_LIBRARY_DIR)/Developer/Xcode/DerivedData/Streamlyne_Cocoa_SDK-fjqjkmnrhloggrcbsegetsdkwdqw/Build/Products/Release",
				);
				ONLY_ACTIVE_ARCH = YES;
				PRODUCT_NAME = "Streamlyne-iOS-SDKTests";
				TEST_HOST = "$(BUNDLE_LOADER)";
				WRAPPER_EXTENSION = xctest;
			};
			name = Debug;
		};
		7720FC3F18369CA20092D39B /* Release */ = {
			isa = XCBuildConfiguration;
			baseConfigurationReference = 45DAA84BB6D34E9E8B7AE079 /* Pods-Streamlyne-iOS-SDK.xcconfig */;
			buildSettings = {
				FRAMEWORK_SEARCH_PATHS = (
					"$(SDKROOT)/Developer/Library/Frameworks",
					"$(inherited)",
					"$(DEVELOPER_FRAMEWORKS_DIR)",
				);
				GCC_PRECOMPILE_PREFIX_HEADER = YES;
				GCC_PREFIX_HEADER = "Streamlyne-iOS-SDK/Streamlyne-iOS-SDK-Prefix.pch";
				INFOPLIST_FILE = "Streamlyne-iOS-SDKTests/Streamlyne-iOS-SDKTests-Info.plist";
				LIBRARY_SEARCH_PATHS = (
					"$(inherited)",
					"$(USER_LIBRARY_DIR)/Developer/Xcode/DerivedData/Streamlyne_Cocoa_SDK-fjqjkmnrhloggrcbsegetsdkwdqw/Build/Products/Release",
				);
				PRODUCT_NAME = "Streamlyne-iOS-SDKTests";
				TEST_HOST = "$(BUNDLE_LOADER)";
				WRAPPER_EXTENSION = xctest;
			};
			name = Release;
		};
		77B4EA31184094D400435B97 /* Debug */ = {
			isa = XCBuildConfiguration;
			baseConfigurationReference = 43ADE2598F854DF2A91C9E5B /* Pods-Streamlyne-Mac-SDK.xcconfig */;
			buildSettings = {
				COMBINE_HIDPI_IMAGES = YES;
				DYLIB_COMPATIBILITY_VERSION = 1;
				DYLIB_CURRENT_VERSION = 1;
				FRAMEWORK_SEARCH_PATHS = (
					"$(inherited)",
					"$(DEVELOPER_FRAMEWORKS_DIR)",
				);
				FRAMEWORK_VERSION = A;
				GCC_ENABLE_OBJC_EXCEPTIONS = YES;
				GCC_PRECOMPILE_PREFIX_HEADER = YES;
				GCC_PREFIX_HEADER = "Streamlyne-Mac-SDK/Streamlyne-Mac-SDK-Prefix.pch";
				GCC_PREPROCESSOR_DEFINITIONS = (
					"DEBUG=1",
					"$(inherited)",
				);
				INFOPLIST_FILE = "Streamlyne-Mac-SDK/Streamlyne-Mac-SDK-Info.plist";
				MACOSX_DEPLOYMENT_TARGET = 10.9;
				PRODUCT_NAME = "$(TARGET_NAME)";
				SDKROOT = macosx;
				WRAPPER_EXTENSION = framework;
			};
			name = Debug;
		};
		77B4EA32184094D400435B97 /* Release */ = {
			isa = XCBuildConfiguration;
			baseConfigurationReference = 43ADE2598F854DF2A91C9E5B /* Pods-Streamlyne-Mac-SDK.xcconfig */;
			buildSettings = {
				COMBINE_HIDPI_IMAGES = YES;
				DEBUG_INFORMATION_FORMAT = "dwarf-with-dsym";
				DYLIB_COMPATIBILITY_VERSION = 1;
				DYLIB_CURRENT_VERSION = 1;
				FRAMEWORK_SEARCH_PATHS = (
					"$(inherited)",
					"$(DEVELOPER_FRAMEWORKS_DIR)",
				);
				FRAMEWORK_VERSION = A;
				GCC_ENABLE_OBJC_EXCEPTIONS = YES;
				GCC_PRECOMPILE_PREFIX_HEADER = YES;
				GCC_PREFIX_HEADER = "Streamlyne-Mac-SDK/Streamlyne-Mac-SDK-Prefix.pch";
				INFOPLIST_FILE = "Streamlyne-Mac-SDK/Streamlyne-Mac-SDK-Info.plist";
				MACOSX_DEPLOYMENT_TARGET = 10.9;
				PRODUCT_NAME = "$(TARGET_NAME)";
				SDKROOT = macosx;
				WRAPPER_EXTENSION = framework;
			};
			name = Release;
		};
		77B4EA34184094D400435B97 /* Debug */ = {
			isa = XCBuildConfiguration;
			baseConfigurationReference = 43ADE2598F854DF2A91C9E5B /* Pods-Streamlyne-Mac-SDK.xcconfig */;
			buildSettings = {
				BUNDLE_LOADER = "$(BUILT_PRODUCTS_DIR)/Streamlyne-Mac-SDK.framework/Versions/A/Streamlyne-Mac-SDK";
				COMBINE_HIDPI_IMAGES = YES;
				FRAMEWORK_SEARCH_PATHS = (
					"$(DEVELOPER_FRAMEWORKS_DIR)",
					"$(inherited)",
				);
				GCC_ENABLE_OBJC_EXCEPTIONS = YES;
				GCC_PRECOMPILE_PREFIX_HEADER = YES;
				GCC_PREFIX_HEADER = "Streamlyne-Mac-SDK/Streamlyne-Mac-SDK-Prefix.pch";
				GCC_PREPROCESSOR_DEFINITIONS = (
					"DEBUG=1",
					"$(inherited)",
				);
				INFOPLIST_FILE = "Streamlyne-Mac-SDKTests/Streamlyne-Mac-SDKTests-Info.plist";
				MACOSX_DEPLOYMENT_TARGET = 10.9;
				PRODUCT_NAME = "$(TARGET_NAME)";
				SDKROOT = macosx;
				TEST_HOST = "$(BUNDLE_LOADER)";
				WRAPPER_EXTENSION = xctest;
			};
			name = Debug;
		};
		77B4EA35184094D400435B97 /* Release */ = {
			isa = XCBuildConfiguration;
			baseConfigurationReference = 43ADE2598F854DF2A91C9E5B /* Pods-Streamlyne-Mac-SDK.xcconfig */;
			buildSettings = {
				BUNDLE_LOADER = "$(BUILT_PRODUCTS_DIR)/Streamlyne-Mac-SDK.framework/Versions/A/Streamlyne-Mac-SDK";
				COMBINE_HIDPI_IMAGES = YES;
				DEBUG_INFORMATION_FORMAT = "dwarf-with-dsym";
				FRAMEWORK_SEARCH_PATHS = (
					"$(DEVELOPER_FRAMEWORKS_DIR)",
					"$(inherited)",
				);
				GCC_ENABLE_OBJC_EXCEPTIONS = YES;
				GCC_PRECOMPILE_PREFIX_HEADER = YES;
				GCC_PREFIX_HEADER = "Streamlyne-Mac-SDK/Streamlyne-Mac-SDK-Prefix.pch";
				INFOPLIST_FILE = "Streamlyne-Mac-SDKTests/Streamlyne-Mac-SDKTests-Info.plist";
				MACOSX_DEPLOYMENT_TARGET = 10.9;
				PRODUCT_NAME = "$(TARGET_NAME)";
				SDKROOT = macosx;
				TEST_HOST = "$(BUNDLE_LOADER)";
				WRAPPER_EXTENSION = xctest;
			};
			name = Release;
		};
		77F3D52C183E79A8000E9F15 /* Debug */ = {
			isa = XCBuildConfiguration;
			buildSettings = {
				PRODUCT_NAME = "$(TARGET_NAME)";
			};
			name = Debug;
		};
		77F3D52D183E79A8000E9F15 /* Release */ = {
			isa = XCBuildConfiguration;
			buildSettings = {
				PRODUCT_NAME = "$(TARGET_NAME)";
			};
			name = Release;
		};
/* End XCBuildConfiguration section */

/* Begin XCConfigurationList section */
		7720FC1218369CA10092D39B /* Build configuration list for PBXProject "Streamlyne Cocoa SDK" */ = {
			isa = XCConfigurationList;
			buildConfigurations = (
				7720FC3818369CA20092D39B /* Debug */,
				7720FC3918369CA20092D39B /* Release */,
			);
			defaultConfigurationIsVisible = 0;
			defaultConfigurationName = Release;
		};
		7720FC3A18369CA20092D39B /* Build configuration list for PBXNativeTarget "Streamlyne-iOS-SDK" */ = {
			isa = XCConfigurationList;
			buildConfigurations = (
				7720FC3B18369CA20092D39B /* Debug */,
				7720FC3C18369CA20092D39B /* Release */,
			);
			defaultConfigurationIsVisible = 0;
			defaultConfigurationName = Release;
		};
		7720FC3D18369CA20092D39B /* Build configuration list for PBXNativeTarget "Streamlyne-iOS-SDKTests" */ = {
			isa = XCConfigurationList;
			buildConfigurations = (
				7720FC3E18369CA20092D39B /* Debug */,
				7720FC3F18369CA20092D39B /* Release */,
			);
			defaultConfigurationIsVisible = 0;
			defaultConfigurationName = Release;
		};
		77B4EA30184094D400435B97 /* Build configuration list for PBXNativeTarget "Streamlyne-Mac-SDK" */ = {
			isa = XCConfigurationList;
			buildConfigurations = (
				77B4EA31184094D400435B97 /* Debug */,
				77B4EA32184094D400435B97 /* Release */,
			);
			defaultConfigurationIsVisible = 0;
			defaultConfigurationName = Release;
		};
		77B4EA33184094D400435B97 /* Build configuration list for PBXNativeTarget "Streamlyne-Mac-SDKTests" */ = {
			isa = XCConfigurationList;
			buildConfigurations = (
				77B4EA34184094D400435B97 /* Debug */,
				77B4EA35184094D400435B97 /* Release */,
			);
			defaultConfigurationIsVisible = 0;
			defaultConfigurationName = Release;
		};
		77F3D52E183E79A8000E9F15 /* Build configuration list for PBXAggregateTarget "Documentation" */ = {
			isa = XCConfigurationList;
			buildConfigurations = (
				77F3D52C183E79A8000E9F15 /* Debug */,
				77F3D52D183E79A8000E9F15 /* Release */,
			);
			defaultConfigurationIsVisible = 0;
			defaultConfigurationName = Release;
		};
/* End XCConfigurationList section */
	};
	rootObject = 7720FC0F18369CA10092D39B /* Project object */;
}
